
Microsoft Visual Studio Solution File, Format Version 12.00
# Visual Studio Version 17
VisualStudioVersion = 17.0.31903.59
MinimumVisualStudioVersion = 10.0.40219.1
Project("{2150E333-8FDC-42A3-9474-1A3956D46DE8}") = "src", "src", "{827E0CD3-B72D-47B6-A68D-7590B98EB39B}"
EndProject
Project("{FAE04EC0-301F-11D3-BF4B-00C04F79EFBC}") = "WdbgToolkit.Core", "src\WdbgToolkit.Core\WdbgToolkit.Core.csproj", "{B0D6C93E-38D9-4D08-93C2-E70A182EE7B9}"
EndProject
Project("{FAE04EC0-301F-11D3-BF4B-00C04F79EFBC}") = "WdbgToolkit.App", "src\WdbgToolkit.App\WdbgToolkit.App.csproj", "{F339415A-32B0-4E12-87A0-6EF66AE70B58}"
EndProject
Project("{2150E333-8FDC-42A3-9474-1A3956D46DE8}") = "tests", "tests", "{0AB3BF05-4346-4AA6-1389-037BE0695223}"
EndProject
Project("{FAE04EC0-301F-11D3-BF4B-00C04F79EFBC}") = "WdbgToolkit.Core.Tests", "tests\WdbgToolkit.Core.Tests\WdbgToolkit.Core.Tests.csproj", "{F320966D-ED97-48D6-A31B-659C01FD384F}"
EndProject
Project("{FAE04EC0-301F-11D3-BF4B-00C04F79EFBC}") = "WdbgToolkit.PackageManagement", "src\WdbgToolkit.PackageManagement\WdbgToolkit.PackageManagement.csproj", "{EBDF720A-696B-4DE8-91AC-742EA6313693}"
EndProject
Project("{2150E333-8FDC-42A3-9474-1A3956D46DE8}") = "installer", "installer", "{1860D2E4-5C43-71D5-59A5-599A4DE1DF67}"
EndProject
Project("{B7DD6F7E-DEF8-4E67-B5B7-07EF123DB6F0}") = "WdbgToolkit.Installer", "installer\WdbgToolkit.Installer\WdbgToolkit.Installer.wixproj", "{1E3F1D64-9A28-4D55-B625-8F80A3AA7C26}"
EndProject
Project("{FAE04EC0-301F-11D3-BF4B-00C04F79EFBC}") = "WdbgToolkit.Workflows", "src\WdbgToolkit.Workflows\WdbgToolkit.Workflows.csproj", "{D95DF62D-5DA1-435A-AB04-0E61307B9029}"
EndProject
Global
	GlobalSection(SolutionConfigurationPlatforms) = preSolution
		Debug|Any CPU = Debug|Any CPU
		Debug|x64 = Debug|x64
		Debug|x86 = Debug|x86
		Release|Any CPU = Release|Any CPU
		Release|x64 = Release|x64
		Release|x86 = Release|x86
	EndGlobalSection
	GlobalSection(ProjectConfigurationPlatforms) = postSolution
		{B0D6C93E-38D9-4D08-93C2-E70A182EE7B9}.Debug|Any CPU.ActiveCfg = Debug|Any CPU
		{B0D6C93E-38D9-4D08-93C2-E70A182EE7B9}.Debug|Any CPU.Build.0 = Debug|Any CPU
		{B0D6C93E-38D9-4D08-93C2-E70A182EE7B9}.Debug|x64.ActiveCfg = Debug|Any CPU
		{B0D6C93E-38D9-4D08-93C2-E70A182EE7B9}.Debug|x64.Build.0 = Debug|Any CPU
		{B0D6C93E-38D9-4D08-93C2-E70A182EE7B9}.Debug|x86.ActiveCfg = Debug|Any CPU
		{B0D6C93E-38D9-4D08-93C2-E70A182EE7B9}.Debug|x86.Build.0 = Debug|Any CPU
		{B0D6C93E-38D9-4D08-93C2-E70A182EE7B9}.Release|Any CPU.ActiveCfg = Release|Any CPU
		{B0D6C93E-38D9-4D08-93C2-E70A182EE7B9}.Release|Any CPU.Build.0 = Release|Any CPU
		{B0D6C93E-38D9-4D08-93C2-E70A182EE7B9}.Release|x64.ActiveCfg = Release|Any CPU
		{B0D6C93E-38D9-4D08-93C2-E70A182EE7B9}.Release|x64.Build.0 = Release|Any CPU
		{B0D6C93E-38D9-4D08-93C2-E70A182EE7B9}.Release|x86.ActiveCfg = Release|Any CPU
		{B0D6C93E-38D9-4D08-93C2-E70A182EE7B9}.Release|x86.Build.0 = Release|Any CPU
		{F339415A-32B0-4E12-87A0-6EF66AE70B58}.Debug|Any CPU.ActiveCfg = Debug|Any CPU
		{F339415A-32B0-4E12-87A0-6EF66AE70B58}.Debug|Any CPU.Build.0 = Debug|Any CPU
		{F339415A-32B0-4E12-87A0-6EF66AE70B58}.Debug|x64.ActiveCfg = Debug|Any CPU
		{F339415A-32B0-4E12-87A0-6EF66AE70B58}.Debug|x64.Build.0 = Debug|Any CPU
		{F339415A-32B0-4E12-87A0-6EF66AE70B58}.Debug|x86.ActiveCfg = Debug|Any CPU
		{F339415A-32B0-4E12-87A0-6EF66AE70B58}.Debug|x86.Build.0 = Debug|Any CPU
		{F339415A-32B0-4E12-87A0-6EF66AE70B58}.Release|Any CPU.ActiveCfg = Release|Any CPU
		{F339415A-32B0-4E12-87A0-6EF66AE70B58}.Release|Any CPU.Build.0 = Release|Any CPU
		{F339415A-32B0-4E12-87A0-6EF66AE70B58}.Release|x64.ActiveCfg = Release|Any CPU
		{F339415A-32B0-4E12-87A0-6EF66AE70B58}.Release|x64.Build.0 = Release|Any CPU
		{F339415A-32B0-4E12-87A0-6EF66AE70B58}.Release|x86.ActiveCfg = Release|Any CPU
		{F339415A-32B0-4E12-87A0-6EF66AE70B58}.Release|x86.Build.0 = Release|Any CPU
		{F320966D-ED97-48D6-A31B-659C01FD384F}.Debug|Any CPU.ActiveCfg = Debug|Any CPU
		{F320966D-ED97-48D6-A31B-659C01FD384F}.Debug|Any CPU.Build.0 = Debug|Any CPU
		{F320966D-ED97-48D6-A31B-659C01FD384F}.Debug|x64.ActiveCfg = Debug|Any CPU
		{F320966D-ED97-48D6-A31B-659C01FD384F}.Debug|x64.Build.0 = Debug|Any CPU
		{F320966D-ED97-48D6-A31B-659C01FD384F}.Debug|x86.ActiveCfg = Debug|Any CPU
		{F320966D-ED97-48D6-A31B-659C01FD384F}.Debug|x86.Build.0 = Debug|Any CPU
		{F320966D-ED97-48D6-A31B-659C01FD384F}.Release|Any CPU.ActiveCfg = Release|Any CPU
		{F320966D-ED97-48D6-A31B-659C01FD384F}.Release|Any CPU.Build.0 = Release|Any CPU
		{F320966D-ED97-48D6-A31B-659C01FD384F}.Release|x64.ActiveCfg = Release|Any CPU
		{F320966D-ED97-48D6-A31B-659C01FD384F}.Release|x64.Build.0 = Release|Any CPU
		{F320966D-ED97-48D6-A31B-659C01FD384F}.Release|x86.ActiveCfg = Release|Any CPU
		{F320966D-ED97-48D6-A31B-659C01FD384F}.Release|x86.Build.0 = Release|Any CPU
		{EBDF720A-696B-4DE8-91AC-742EA6313693}.Debug|Any CPU.ActiveCfg = Debug|Any CPU
		{EBDF720A-696B-4DE8-91AC-742EA6313693}.Debug|Any CPU.Build.0 = Debug|Any CPU
		{EBDF720A-696B-4DE8-91AC-742EA6313693}.Debug|x64.ActiveCfg = Debug|Any CPU
		{EBDF720A-696B-4DE8-91AC-742EA6313693}.Debug|x64.Build.0 = Debug|Any CPU
		{EBDF720A-696B-4DE8-91AC-742EA6313693}.Debug|x86.ActiveCfg = Debug|Any CPU
		{EBDF720A-696B-4DE8-91AC-742EA6313693}.Debug|x86.Build.0 = Debug|Any CPU
		{EBDF720A-696B-4DE8-91AC-742EA6313693}.Release|Any CPU.ActiveCfg = Release|Any CPU
		{EBDF720A-696B-4DE8-91AC-742EA6313693}.Release|Any CPU.Build.0 = Release|Any CPU
		{EBDF720A-696B-4DE8-91AC-742EA6313693}.Release|x64.ActiveCfg = Release|Any CPU
		{EBDF720A-696B-4DE8-91AC-742EA6313693}.Release|x64.Build.0 = Release|Any CPU
		{EBDF720A-696B-4DE8-91AC-742EA6313693}.Release|x86.ActiveCfg = Release|Any CPU
		{EBDF720A-696B-4DE8-91AC-742EA6313693}.Release|x86.Build.0 = Release|Any CPU
		{1E3F1D64-9A28-4D55-B625-8F80A3AA7C26}.Debug|Any CPU.ActiveCfg = Debug|Any CPU
		{1E3F1D64-9A28-4D55-B625-8F80A3AA7C26}.Debug|Any CPU.Build.0 = Debug|Any CPU
		{1E3F1D64-9A28-4D55-B625-8F80A3AA7C26}.Debug|x64.ActiveCfg = Debug|Any CPU
		{1E3F1D64-9A28-4D55-B625-8F80A3AA7C26}.Debug|x64.Build.0 = Debug|Any CPU
		{1E3F1D64-9A28-4D55-B625-8F80A3AA7C26}.Debug|x86.ActiveCfg = Debug|Any CPU
		{1E3F1D64-9A28-4D55-B625-8F80A3AA7C26}.Debug|x86.Build.0 = Debug|Any CPU
		{1E3F1D64-9A28-4D55-B625-8F80A3AA7C26}.Release|Any CPU.ActiveCfg = Release|Any CPU
		{1E3F1D64-9A28-4D55-B625-8F80A3AA7C26}.Release|Any CPU.Build.0 = Release|Any CPU
		{1E3F1D64-9A28-4D55-B625-8F80A3AA7C26}.Release|x64.ActiveCfg = Release|Any CPU
		{1E3F1D64-9A28-4D55-B625-8F80A3AA7C26}.Release|x64.Build.0 = Release|Any CPU
		{1E3F1D64-9A28-4D55-B625-8F80A3AA7C26}.Release|x86.ActiveCfg = Release|Any CPU
		{1E3F1D64-9A28-4D55-B625-8F80A3AA7C26}.Release|x86.Build.0 = Release|Any CPU
		{D95DF62D-5DA1-435A-AB04-0E61307B9029}.Debug|Any CPU.ActiveCfg = Debug|Any CPU
		{D95DF62D-5DA1-435A-AB04-0E61307B9029}.Debug|Any CPU.Build.0 = Debug|Any CPU
		{D95DF62D-5DA1-435A-AB04-0E61307B9029}.Debug|x64.ActiveCfg = Debug|Any CPU
		{D95DF62D-5DA1-435A-AB04-0E61307B9029}.Debug|x64.Build.0 = Debug|Any CPU
		{D95DF62D-5DA1-435A-AB04-0E61307B9029}.Debug|x86.ActiveCfg = Debug|Any CPU
		{D95DF62D-5DA1-435A-AB04-0E61307B9029}.Debug|x86.Build.0 = Debug|Any CPU
		{D95DF62D-5DA1-435A-AB04-0E61307B9029}.Release|Any CPU.ActiveCfg = Release|Any CPU
		{D95DF62D-5DA1-435A-AB04-0E61307B9029}.Release|Any CPU.Build.0 = Release|Any CPU
		{D95DF62D-5DA1-435A-AB04-0E61307B9029}.Release|x64.ActiveCfg = Release|Any CPU
		{D95DF62D-5DA1-435A-AB04-0E61307B9029}.Release|x64.Build.0 = Release|Any CPU
		{D95DF62D-5DA1-435A-AB04-0E61307B9029}.Release|x86.ActiveCfg = Release|Any CPU
		{D95DF62D-5DA1-435A-AB04-0E61307B9029}.Release|x86.Build.0 = Release|Any CPU
	EndGlobalSection
	GlobalSection(SolutionProperties) = preSolution
		HideSolutionNode = FALSE
	EndGlobalSection
	GlobalSection(NestedProjects) = preSolution
		{B0D6C93E-38D9-4D08-93C2-E70A182EE7B9} = {827E0CD3-B72D-47B6-A68D-7590B98EB39B}
		{F339415A-32B0-4E12-87A0-6EF66AE70B58} = {827E0CD3-B72D-47B6-A68D-7590B98EB39B}
		{F320966D-ED97-48D6-A31B-659C01FD384F} = {0AB3BF05-4346-4AA6-1389-037BE0695223}
		{EBDF720A-696B-4DE8-91AC-742EA6313693} = {827E0CD3-B72D-47B6-A68D-7590B98EB39B}
		{1E3F1D64-9A28-4D55-B625-8F80A3AA7C26} = {1860D2E4-5C43-71D5-59A5-599A4DE1DF67}
		{D95DF62D-5DA1-435A-AB04-0E61307B9029} = {827E0CD3-B72D-47B6-A68D-7590B98EB39B}
	EndGlobalSection
EndGlobal
